<?xml version="1.0" encoding="UTF-8" standalone="yes" ?>
<CodeBlocks_project_file>
	<FileVersion major="1" minor="6" />
	<Project>
		<Option title="mcc" />
		<Option pch_mode="2" />
		<Option compiler="gcc" />
		<Build>
			<Target title="Debug">
				<Option output="bin/Debug/mcc" prefix_auto="1" extension_auto="1" />
				<Option object_output="obj/Debug/" />
				<Option type="1" />
				<Option compiler="gcc" />
				<Compiler>
					<Add option="-g" />
					<Add directory="include" />
				</Compiler>
			</Target>
			<Target title="Release">
				<Option output="bin/Release/mcc" prefix_auto="1" extension_auto="1" />
				<Option object_output="obj/Release/" />
				<Option type="1" />
				<Option compiler="gcc" />
				<Compiler>
					<Add option="-O2" />
					<Add directory="include" />
				</Compiler>
				<Linker>
					<Add option="-s" />
				</Linker>
			</Target>
		</Build>
		<Compiler>
			<Add option="-Wall" />
			<Add option="-fexceptions" />
			<Add directory="include" />
		</Compiler>
		<Unit filename="include/Array.h" />
		<Unit filename="include/ArrayDecl.h" />
		<Unit filename="include/Assignment.h" />
		<Unit filename="include/Atomic.h" />
		<Unit filename="include/BinaryOperator.h" />
		<Unit filename="include/BoolDecl.h" />
		<Unit filename="include/Break.h" />
		<Unit filename="include/CommandGenerator.h" />
		<Unit filename="include/Conditional.h" />
		<Unit filename="include/Const.h" />
		<Unit filename="include/Continue.h" />
		<Unit filename="include/DFSpecificationGenerator.h" />
		<Unit filename="include/Declaration.h" />
		<Unit filename="include/Decrement.h" />
		<Unit filename="include/Define.h" />
		<Unit filename="include/DoWhile.h" />
		<Unit filename="include/Expression.h" />
		<Unit filename="include/For.h" />
		<Unit filename="include/Fun.h" />
		<Unit filename="include/FunCall.h" />
		<Unit filename="include/Goto.h" />
		<Unit filename="include/Helper.h" />
		<Unit filename="include/If.h" />
		<Unit filename="include/Increment.h" />
		<Unit filename="include/IntDecl.h" />
		<Unit filename="include/LabeledStatement.h" />
		<Unit filename="include/Lexer.h" />
		<Unit filename="include/PointerDecl.h" />
		<Unit filename="include/PointerExp.h" />
		<Unit filename="include/Print.h" />
		<Unit filename="include/Program.h" />
		<Unit filename="include/Return.h" />
		<Unit filename="include/Scan.h" />
		<Unit filename="include/SpecificationGenerator.h" />
		<Unit filename="include/SpinInterface.h" />
		<Unit filename="include/Statement.h" />
		<Unit filename="include/Struct.h" />
		<Unit filename="include/StructDecl.h" />
		<Unit filename="include/StructExp.h" />
		<Unit filename="include/StructType.h" />
		<Unit filename="include/Switch.h" />
		<Unit filename="include/Token.h" />
		<Unit filename="include/UnaryOperator.h" />
		<Unit filename="include/Variable.h" />
		<Unit filename="include/While.h" />
		<Unit filename="main.cpp" />
		<Unit filename="src/Array.cpp" />
		<Unit filename="src/ArrayDecl.cpp" />
		<Unit filename="src/Assignment.cpp" />
		<Unit filename="src/Atomic.cpp" />
		<Unit filename="src/BinaryOperator.cpp" />
		<Unit filename="src/BoolDecl.cpp" />
		<Unit filename="src/Break.cpp" />
		<Unit filename="src/CommandGenerator.cpp" />
		<Unit filename="src/Conditional.cpp" />
		<Unit filename="src/Const.cpp" />
		<Unit filename="src/Continue.cpp" />
		<Unit filename="src/DFSpecificationGenerator.cpp" />
		<Unit filename="src/Declaration.cpp" />
		<Unit filename="src/Decrement.cpp" />
		<Unit filename="src/Define.cpp" />
		<Unit filename="src/DoWhile.cpp" />
		<Unit filename="src/Expression.cpp" />
		<Unit filename="src/For.cpp" />
		<Unit filename="src/Fun.cpp" />
		<Unit filename="src/FunCall.cpp" />
		<Unit filename="src/Goto.cpp" />
		<Unit filename="src/Helper.cpp" />
		<Unit filename="src/If.cpp" />
		<Unit filename="src/Increment.cpp" />
		<Unit filename="src/IntDecl.cpp" />
		<Unit filename="src/LabeledStatement.cpp" />
		<Unit filename="src/Lexer.cpp" />
		<Unit filename="src/PointerDecl.cpp" />
		<Unit filename="src/PointerExp.cpp" />
		<Unit filename="src/Print.cpp" />
		<Unit filename="src/Program.cpp" />
		<Unit filename="src/Return.cpp" />
		<Unit filename="src/Scan.cpp" />
		<Unit filename="src/SpecificationGenerator.cpp" />
		<Unit filename="src/SpinInterface.cpp" />
		<Unit filename="src/Statement.cpp" />
		<Unit filename="src/Struct.cpp" />
		<Unit filename="src/StructDecl.cpp" />
		<Unit filename="src/StructExp.cpp" />
		<Unit filename="src/StructType.cpp" />
		<Unit filename="src/Switch.cpp" />
		<Unit filename="src/Token.cpp" />
		<Unit filename="src/UnaryOperator.cpp" />
		<Unit filename="src/Variable.cpp" />
		<Unit filename="src/While.cpp" />
		<Extensions />
	</Project>
</CodeBlocks_project_file>
